{
  "lockfileVersion": 1,
  "workspaces": {
    "": {
      "name": "project-3",
      "dependencies": {
        "chalk": "^5.6.0",
      },
    },
  },
  "packages": {
    "chalk": ["chalk@5.6.0", "", {}, "sha512-46QrSQFyVSEyYAgQ22hQ+zDa60YHA4fBstHmtSApj1Y5vKtG27fWowW03jCk5KcbXEWPZUIR894aARCA/G1kfQ=="],
  }
}
